lockfileVersion: 5.4

specifiers:
  minimist: ^1.2.6
  peer-id: ^0.16.0

dependencies:
  minimist: 1.2.6
  peer-id: 0.16.0

packages:

  /@noble/ed25519/1.6.0:
    resolution: {integrity: sha512-UKju89WV37IUALIMfKhKW3psO8AqmrE/GvH6QbPKjzolQ98zM7WmGUeY+xdIgSf5tqPFf75ZCYMgym6E9Jsw3Q==}
    dev: false

  /@noble/secp256k1/1.6.0:
    resolution: {integrity: sha512-DWSsg8zMHOYMYBqIQi96BQuthZrp98LCeMNcUOaffCIVYQ5yxDbNikLF+H7jEnmNNmXbtVic46iCuVWzar+MgA==}
    dev: false

  /@protobufjs/aspromise/1.1.2:
    resolution: {integrity: sha512-j+gKExEuLmKwvz3OgROXtrJ2UG2x8Ch2YZUxahh+s1F2HZ+wAceUNLkvy6zKCPVRkU++ZWQrdxsUeQXmcg4uoQ==}
    dev: false

  /@protobufjs/base64/1.1.2:
    resolution: {integrity: sha512-AZkcAA5vnN/v4PDqKyMR5lx7hZttPDgClv83E//FMNhR2TMcLUhfRUBHCmSl0oi9zMgDDqRUJkSxO3wm85+XLg==}
    dev: false

  /@protobufjs/codegen/2.0.4:
    resolution: {integrity: sha512-YyFaikqM5sH0ziFZCN3xDC7zeGaB/d0IUb9CATugHWbd1FRFwWwt4ld4OYMPWu5a3Xe01mGAULCdqhMlPl29Jg==}
    dev: false

  /@protobufjs/eventemitter/1.1.0:
    resolution: {integrity: sha512-j9ednRT81vYJ9OfVuXG6ERSTdEL1xVsNgqpkxMsbIabzSo3goCjDIveeGv5d03om39ML71RdmrGNjG5SReBP/Q==}
    dev: false

  /@protobufjs/fetch/1.1.0:
    resolution: {integrity: sha512-lljVXpqXebpsijW71PZaCYeIcE5on1w5DlQy5WH6GLbFryLUrBD4932W/E2BSpfRJWseIL4v/KPgBFxDOIdKpQ==}
    dependencies:
      '@protobufjs/aspromise': 1.1.2
      '@protobufjs/inquire': 1.1.0
    dev: false

  /@protobufjs/float/1.0.2:
    resolution: {integrity: sha512-Ddb+kVXlXst9d+R9PfTIxh1EdNkgoRe5tOX6t01f1lYWOvJnSPDBlG241QLzcyPdoNTsblLUdujGSE4RzrTZGQ==}
    dev: false

  /@protobufjs/inquire/1.1.0:
    resolution: {integrity: sha512-kdSefcPdruJiFMVSbn801t4vFK7KB/5gd2fYvrxhuJYg8ILrmn9SKSX2tZdV6V+ksulWqS7aXjBcRXl3wHoD9Q==}
    dev: false

  /@protobufjs/path/1.1.2:
    resolution: {integrity: sha512-6JOcJ5Tm08dOHAbdR3GrvP+yUUfkjG5ePsHYczMFLq3ZmMkAD98cDgcT2iA1lJ9NVwFd4tH/iSSoe44YWkltEA==}
    dev: false

  /@protobufjs/pool/1.1.0:
    resolution: {integrity: sha512-0kELaGSIDBKvcgS4zkjz1PeddatrjYcmMWOlAuAPwAeccUrPHdUqo/J6LiymHHEiJT5NrF1UVwxY14f+fy4WQw==}
    dev: false

  /@protobufjs/utf8/1.1.0:
    resolution: {integrity: sha512-Vvn3zZrhQZkkBE8LSuW3em98c0FwgO4nxzv6OdSxPKJIEKY2bGbHn+mhGIPerzI4twdxaP8/0+06HBpwf345Lw==}
    dev: false

  /@types/long/4.0.2:
    resolution: {integrity: sha512-MqTGEo5bj5t157U6fA/BiDynNkn0YknVdh48CMPkTSpFTVmvao5UQmm7uEF6xBEo7qIMAlY/JSleYaE6VOdpaA==}
    dev: false

  /@types/node/17.0.42:
    resolution: {integrity: sha512-Q5BPGyGKcvQgAMbsr7qEGN/kIPN6zZecYYABeTDBizOsau+2NMdSVTar9UQw21A2+JyA2KRNDYaYrPB0Rpk2oQ==}
    dev: false

  /class-is/1.1.0:
    resolution: {integrity: sha512-rhjH9AG1fvabIDoGRVH587413LPjTZgmDF9fOFCbFJQV4yuocX1mHxxvXI4g3cGwbVY9wAYIoKlg1N79frJKQw==}
    dev: false

  /err-code/3.0.1:
    resolution: {integrity: sha512-GiaH0KJUewYok+eeY05IIgjtAe4Yltygk9Wqp1V5yVWLdhf0hYZchRjNIT9bb0mSwRcIusT3cx7PJUf3zEIfUA==}
    dev: false

  /events/3.3.0:
    resolution: {integrity: sha512-mQw+2fkQbALzQ7V0MY0IqdnXNOeTtP4r0lN9z7AAawCXgqea7bDii20AYrIBrFd/Hx0M2Ocz6S111CaFkUcb0Q==}
    engines: {node: '>=0.8.x'}
    dev: false

  /inherits/2.0.4:
    resolution: {integrity: sha512-k/vGaX4/Yla3WzyMCvTQOXYeIHvqOKtnqBduzTHpzpQZzAskKMhZ2K+EnBiSM9zGSoIFeMpXKxa4dYeZIQqewQ==}
    dev: false

  /iso-random-stream/2.0.2:
    resolution: {integrity: sha512-yJvs+Nnelic1L2vH2JzWvvPQFA4r7kSTnpST/+LkAQjSz0hos2oqLD+qIVi9Qk38Hoe7mNDt3j0S27R58MVjLQ==}
    engines: {node: '>=10'}
    dependencies:
      events: 3.3.0
      readable-stream: 3.6.0
    dev: false

  /libp2p-crypto/0.21.2:
    resolution: {integrity: sha512-EXFrhSpiHtJ+/L8xXDvQNK5VjUMG51u878jzZcaT5XhuN/zFg6PWJFnl/qB2Y2j7eMWnvCRP7Kp+ua2H36cG4g==}
    engines: {node: '>=12.0.0'}
    dependencies:
      '@noble/ed25519': 1.6.0
      '@noble/secp256k1': 1.6.0
      err-code: 3.0.1
      iso-random-stream: 2.0.2
      multiformats: 9.6.5
      node-forge: 1.3.1
      protobufjs: 6.11.3
      uint8arrays: 3.0.0
    dev: false

  /long/4.0.0:
    resolution: {integrity: sha512-XsP+KhQif4bjX1kbuSiySJFNAehNxgLb6hPRGJ9QsUr8ajHkuXGdrHmFUTUUXhDwVX2R5bY4JNZEwbUiMhV+MA==}
    dev: false

  /minimist/1.2.6:
    resolution: {integrity: sha512-Jsjnk4bw3YJqYzbdyBiNsPWHPfO++UGG749Cxs6peCu5Xg4nrena6OVxOYxrQTqww0Jmwt+Ref8rggumkTLz9Q==}
    dev: false

  /multiformats/9.6.5:
    resolution: {integrity: sha512-vMwf/FUO+qAPvl3vlSZEgEVFY/AxeZq5yg761ScF3CZsXgmTi/HGkicUiNN0CI4PW8FiY2P0OLklOcmQjdQJhw==}
    dev: false

  /node-forge/1.3.1:
    resolution: {integrity: sha512-dPEtOeMvF9VMcYV/1Wb8CPoVAXtp6MKMlcbAt4ddqmGqUJ6fQZFXkNZNkNlfevtNkGtaSoXf/vNNNSvgrdXwtA==}
    engines: {node: '>= 6.13.0'}
    dev: false

  /peer-id/0.16.0:
    resolution: {integrity: sha512-EmL7FurFUduU9m1PS9cfJ5TAuCvxKQ7DKpfx3Yj6IKWyBRtosriFuOag/l3ni/dtPgPLwiA4R9IvpL7hsDLJuQ==}
    engines: {node: '>=15.0.0'}
    dependencies:
      class-is: 1.1.0
      libp2p-crypto: 0.21.2
      multiformats: 9.6.5
      protobufjs: 6.11.3
      uint8arrays: 3.0.0
    dev: false

  /protobufjs/6.11.3:
    resolution: {integrity: sha512-xL96WDdCZYdU7Slin569tFX712BxsxslWwAfAhCYjQKGTq7dAU91Lomy6nLLhh/dyGhk/YH4TwTSRxTzhuHyZg==}
    hasBin: true
    requiresBuild: true
    dependencies:
      '@protobufjs/aspromise': 1.1.2
      '@protobufjs/base64': 1.1.2
      '@protobufjs/codegen': 2.0.4
      '@protobufjs/eventemitter': 1.1.0
      '@protobufjs/fetch': 1.1.0
      '@protobufjs/float': 1.0.2
      '@protobufjs/inquire': 1.1.0
      '@protobufjs/path': 1.1.2
      '@protobufjs/pool': 1.1.0
      '@protobufjs/utf8': 1.1.0
      '@types/long': 4.0.2
      '@types/node': 17.0.42
      long: 4.0.0
    dev: false

  /readable-stream/3.6.0:
    resolution: {integrity: sha512-BViHy7LKeTz4oNnkcLJ+lVSL6vpiFeX6/d3oSH8zCW7UxP2onchk+vTGB143xuFjHS3deTgkKoXXymXqymiIdA==}
    engines: {node: '>= 6'}
    dependencies:
      inherits: 2.0.4
      string_decoder: 1.3.0
      util-deprecate: 1.0.2
    dev: false

  /safe-buffer/5.2.1:
    resolution: {integrity: sha512-rp3So07KcdmmKbGvgaNxQSJr7bGVSVk5S9Eq1F+ppbRo70+YeaDxkw5Dd8NPN+GD6bjnYm2VuPuCXmpuYvmCXQ==}
    dev: false

  /string_decoder/1.3.0:
    resolution: {integrity: sha512-hkRX8U1WjJFd8LsDJ2yQ/wWWxaopEsABU1XfkM8A+j0+85JAGppt16cr1Whg6KIbb4okU6Mql6BOj+uup/wKeA==}
    dependencies:
      safe-buffer: 5.2.1
    dev: false

  /uint8arrays/3.0.0:
    resolution: {integrity: sha512-HRCx0q6O9Bfbp+HHSfQQKD7wU70+lydKVt4EghkdOvlK/NlrF90z+eXV34mUd48rNvVJXwkrMSPpCATkct8fJA==}
    dependencies:
      multiformats: 9.6.5
    dev: false

  /util-deprecate/1.0.2:
    resolution: {integrity: sha512-EPD5q1uXyFxJpCrLnCc1nHnq3gOa6DZBocAIiI2TaSCA7VCJ1UJDMagCzIkXNsUYfD1daK//LTEQ8xiIbrHtcw==}
    dev: false
